Microsoft Visual Studio Solution File, Format Version 12.00
# Visual Studio 2012
Project("{FAE04EC0-301F-11D3-BF4B-00C04F79EFBC}") = "EnglishLearningProject", "EnglishLearningProject.csproj", "{EA832C42-37B4-41F5-907D-2916AB75FEC5}"
EndProject
Global
	GlobalSection(SolutionConfigurationPlatforms) = preSolution
	Debug|Any CPU = Debug|Any CPU
	ExportDebug|Any CPU = ExportDebug|Any CPU
	ExportRelease|Any CPU = ExportRelease|Any CPU
	EndGlobalSection
	GlobalSection(ProjectConfigurationPlatforms) = postSolution
		{EA832C42-37B4-41F5-907D-2916AB75FEC5}.Debug|Any CPU.ActiveCfg = Debug|Any CPU
		{EA832C42-37B4-41F5-907D-2916AB75FEC5}.Debug|Any CPU.Build.0 = Debug|Any CPU
		{EA832C42-37B4-41F5-907D-2916AB75FEC5}.ExportDebug|Any CPU.ActiveCfg = ExportDebug|Any CPU
		{EA832C42-37B4-41F5-907D-2916AB75FEC5}.ExportDebug|Any CPU.Build.0 = ExportDebug|Any CPU
		{EA832C42-37B4-41F5-907D-2916AB75FEC5}.ExportRelease|Any CPU.ActiveCfg = ExportRelease|Any CPU
		{EA832C42-37B4-41F5-907D-2916AB75FEC5}.ExportRelease|Any CPU.Build.0 = ExportRelease|Any CPU
	EndGlobalSection
EndGlobal
